{
  "version": 4,
  "terraform_version": "1.5.7",
  "serial": 89,
  "lineage": "d2c9112b-8675-799e-287b-aae6f56e3c3c",
  "outputs": {},
  "resources": [
    {
      "module": "module.bigquery",
      "mode": "managed",
      "type": "google_bigquery_dataset",
      "name": "yt_dataset",
      "provider": "provider[\"registry.terraform.io/hashicorp/google\"]",
      "instances": [
        {
          "schema_version": 0,
          "attributes": {
            "access": [
              {
                "condition": [],
                "dataset": [],
                "domain": "",
                "group_by_email": "",
                "iam_member": "",
                "role": "OWNER",
                "routine": [],
                "special_group": "",
                "user_by_email": "rohitsomisetty98@gmail.com",
                "view": []
              },
              {
                "condition": [],
                "dataset": [],
                "domain": "",
                "group_by_email": "",
                "iam_member": "",
                "role": "OWNER",
                "routine": [],
                "special_group": "projectOwners",
                "user_by_email": "",
                "view": []
              },
              {
                "condition": [],
                "dataset": [],
                "domain": "",
                "group_by_email": "",
                "iam_member": "",
                "role": "READER",
                "routine": [],
                "special_group": "projectReaders",
                "user_by_email": "",
                "view": []
              },
              {
                "condition": [],
                "dataset": [],
                "domain": "",
                "group_by_email": "",
                "iam_member": "",
                "role": "WRITER",
                "routine": [],
                "special_group": "projectWriters",
                "user_by_email": "",
                "view": []
              }
            ],
            "creation_time": 1777616475728,
            "dataset_id": "youtube_comments",
            "default_collation": "",
            "default_encryption_configuration": [],
            "default_partition_expiration_ms": 0,
            "default_table_expiration_ms": 0,
            "delete_contents_on_destroy": false,
            "description": "",
            "effective_labels": {
              "goog-terraform-provisioned": "true"
            },
            "etag": "KxPysx8DgEEDHkfVpWAQAA==",
            "external_catalog_dataset_options": [],
            "external_dataset_reference": [],
            "friendly_name": "",
            "id": "projects/yt-comments-495004/datasets/youtube_comments",
            "is_case_insensitive": false,
            "labels": {},
            "last_modified_time": 1777616475728,
            "location": "us-central1",
            "max_time_travel_hours": "168",
            "project": "yt-comments-495004",
            "resource_tags": {},
            "self_link": "https://bigquery.googleapis.com/bigquery/v2/projects/yt-comments-495004/datasets/youtube_comments",
            "storage_billing_model": "",
            "terraform_labels": {
              "goog-terraform-provisioned": "true"
            },
            "timeouts": null
          },
          "sensitive_attributes": [],
          "private": "eyJlMmJmYjczMC1lY2FhLTExZTYtOGY4OC0zNDM2M2JjN2M0YzAiOnsiY3JlYXRlIjoxMjAwMDAwMDAwMDAwLCJkZWxldGUiOjEyMDAwMDAwMDAwMDAsInVwZGF0ZSI6MTIwMDAwMDAwMDAwMH19"
        }
      ]
    },
    {
      "module": "module.bigquery",
      "mode": "managed",
      "type": "google_bigquery_table",
      "name": "yt_comments_table",
      "provider": "provider[\"registry.terraform.io/hashicorp/google\"]",
      "instances": [
        {
          "schema_version": 0,
          "attributes": {
            "biglake_configuration": [],
            "clustering": null,
            "creation_time": 1777616476224,
            "dataset_id": "youtube_comments",
            "deletion_protection": true,
            "description": "",
            "effective_labels": {
              "goog-terraform-provisioned": "true"
            },
            "encryption_configuration": [],
            "etag": "lGgGv7TH0lJ/g4tiS47AiA==",
            "expiration_time": 0,
            "external_catalog_table_options": [],
            "external_data_configuration": [],
            "friendly_name": "",
            "generated_schema_columns": "",
            "id": "projects/yt-comments-495004/datasets/youtube_comments/tables/comments",
            "ignore_auto_generated_schema": false,
            "ignore_schema_changes": null,
            "labels": {},
            "last_modified_time": 1777616476335,
            "location": "us-central1",
            "materialized_view": [],
            "max_staleness": "",
            "num_bytes": 0,
            "num_long_term_bytes": 0,
            "num_rows": 0,
            "project": "yt-comments-495004",
            "range_partitioning": [],
            "require_partition_filter": false,
            "resource_tags": {},
            "schema": "[{\"mode\":\"REQUIRED\",\"name\":\"comment_id\",\"type\":\"STRING\"},{\"mode\":\"REQUIRED\",\"name\":\"comment_text\",\"type\":\"STRING\"},{\"mode\":\"REQUIRED\",\"name\":\"published_at\",\"type\":\"TIMESTAMP\"}]",
            "schema_foreign_type_info": [],
            "self_link": "https://bigquery.googleapis.com/bigquery/v2/projects/yt-comments-495004/datasets/youtube_comments/tables/comments",
            "table_constraints": [],
            "table_id": "comments",
            "table_metadata_view": null,
            "table_replication_info": [],
            "terraform_labels": {
              "goog-terraform-provisioned": "true"
            },
            "time_partitioning": [],
            "type": "TABLE",
            "view": []
          },
          "sensitive_attributes": [],
          "private": "bnVsbA==",
          "dependencies": [
            "module.bigquery.google_bigquery_dataset.yt_dataset"
          ]
        }
      ]
    },
    {
      "module": "module.bigquery",
      "mode": "managed",
      "type": "google_bigquery_table",
      "name": "yt_sentiment_table",
      "provider": "provider[\"registry.terraform.io/hashicorp/google\"]",
      "instances": [
        {
          "schema_version": 0,
          "attributes": {
            "biglake_configuration": [],
            "clustering": null,
            "creation_time": 1777616476226,
            "dataset_id": "youtube_comments",
            "deletion_protection": true,
            "description": "",
            "effective_labels": {
              "goog-terraform-provisioned": "true"
            },
            "encryption_configuration": [],
            "etag": "iJtS1xRV2CtxDLll3iuXmQ==",
            "expiration_time": 0,
            "external_catalog_table_options": [],
            "external_data_configuration": [],
            "friendly_name": "",
            "generated_schema_columns": "",
            "id": "projects/yt-comments-495004/datasets/youtube_comments/tables/sentiment",
            "ignore_auto_generated_schema": false,
            "ignore_schema_changes": null,
            "labels": {},
            "last_modified_time": 1777616476340,
            "location": "us-central1",
            "materialized_view": [],
            "max_staleness": "",
            "num_bytes": 0,
            "num_long_term_bytes": 0,
            "num_rows": 0,
            "project": "yt-comments-495004",
            "range_partitioning": [],
            "require_partition_filter": false,
            "resource_tags": {},
            "schema": "[{\"mode\":\"REQUIRED\",\"name\":\"comment_id\",\"type\":\"STRING\"},{\"mode\":\"REQUIRED\",\"name\":\"comment_text\",\"type\":\"STRING\"},{\"mode\":\"NULLABLE\",\"name\":\"sentiment_score\",\"type\":\"FLOAT\"},{\"mode\":\"NULLABLE\",\"name\":\"sentiment_magnitude\",\"type\":\"FLOAT\"}]",
            "schema_foreign_type_info": [],
            "self_link": "https://bigquery.googleapis.com/bigquery/v2/projects/yt-comments-495004/datasets/youtube_comments/tables/sentiment",
            "table_constraints": [],
            "table_id": "sentiment",
            "table_metadata_view": null,
            "table_replication_info": [],
            "terraform_labels": {
              "goog-terraform-provisioned": "true"
            },
            "time_partitioning": [],
            "type": "TABLE",
            "view": []
          },
          "sensitive_attributes": [],
          "private": "bnVsbA==",
          "dependencies": [
            "module.bigquery.google_bigquery_dataset.yt_dataset"
          ]
        }
      ]
    },
    {
      "module": "module.composer",
      "mode": "managed",
      "type": "google_composer_environment",
      "name": "yt_pipeline",
      "provider": "provider[\"registry.terraform.io/hashicorp/google\"]",
      "instances": [
        {
          "schema_version": 0,
          "attributes": {
            "config": [
              {
                "airflow_uri": "https://7bdd933cad854d51bf69a57f3947d394-dot-us-central1.composer.googleusercontent.com",
                "dag_gcs_prefix": "gs://us-central1-yt-pipeline-com-c2987756-bucket/dags",
                "data_retention_config": [
                  {
                    "airflow_metadata_retention_config": [
                      {
                        "retention_days": 60,
                        "retention_mode": "RETENTION_MODE_ENABLED"
                      }
                    ],
                    "task_logs_retention_config": []
                  }
                ],
                "database_config": [],
                "enable_private_builds_only": false,
                "enable_private_environment": false,
                "encryption_config": [
                  {
                    "kms_key_name": ""
                  }
                ],
                "environment_size": "ENVIRONMENT_SIZE_SMALL",
                "gke_cluster": "",
                "maintenance_window": [],
                "master_authorized_networks_config": [],
                "node_config": [
                  {
                    "composer_internal_ipv4_cidr_block": "100.64.128.0/20",
                    "composer_network_attachment": "",
                    "disk_size_gb": 0,
                    "enable_ip_masq_agent": false,
                    "ip_allocation_policy": [
                      {
                        "cluster_ipv4_cidr_block": "",
                        "cluster_secondary_range_name": "",
                        "services_ipv4_cidr_block": "",
                        "services_secondary_range_name": "",
                        "use_ip_aliases": false
                      }
                    ],
                    "machine_type": "",
                    "network": "",
                    "oauth_scopes": [],
                    "service_account": "cloud-fn-sa@yt-comments-495004.iam.gserviceaccount.com",
                    "subnetwork": "",
                    "tags": [],
                    "zone": ""
                  }
                ],
                "node_count": 0,
                "private_environment_config": [],
                "recovery_config": [],
                "resilience_mode": "STANDARD_RESILIENCE",
                "software_config": [
                  {
                    "airflow_config_overrides": {},
                    "cloud_data_lineage_integration": [
                      {
                        "enabled": false
                      }
                    ],
                    "env_variables": {},
                    "image_version": "composer-3-airflow-2.10.5-build.15",
                    "pypi_packages": {},
                    "python_version": "",
                    "scheduler_count": 0,
                    "web_server_plugins_mode": "ENABLED"
                  }
                ],
                "web_server_config": [],
                "web_server_network_access_control": [
                  {
                    "allowed_ip_range": [
                      {
                        "description": "Allows access from all IPv4 addresses (default value)",
                        "value": "0.0.0.0/0"
                      },
                      {
                        "description": "Allows access from all IPv6 addresses (default value)",
                        "value": "::0/0"
                      }
                    ]
                  }
                ],
                "workloads_config": [
                  {
                    "dag_processor": [
                      {
                        "count": 1,
                        "cpu": 1,
                        "memory_gb": 4,
                        "storage_gb": 1
                      }
                    ],
                    "scheduler": [
                      {
                        "count": 1,
                        "cpu": 0.5,
                        "memory_gb": 2,
                        "storage_gb": 1
                      }
                    ],
                    "triggerer": [
                      {
                        "count": 1,
                        "cpu": 0.5,
                        "memory_gb": 1
                      }
                    ],
                    "web_server": [
                      {
                        "cpu": 1,
                        "memory_gb": 4,
                        "storage_gb": 1
                      }
                    ],
                    "worker": [
                      {
                        "cpu": 0.5,
                        "max_count": 3,
                        "memory_gb": 2,
                        "min_count": 1,
                        "storage_gb": 10
                      }
                    ]
                  }
                ]
              }
            ],
            "effective_labels": {
              "goog-terraform-provisioned": "true"
            },
            "id": "projects/yt-comments-495004/locations/us-central1/environments/yt-pipeline-composer",
            "labels": {},
            "name": "yt-pipeline-composer",
            "project": "yt-comments-495004",
            "region": "us-central1",
            "storage_config": [
              {
                "bucket": "us-central1-yt-pipeline-com-c2987756-bucket"
              }
            ],
            "terraform_labels": {
              "goog-terraform-provisioned": "true"
            },
            "timeouts": null
          },
          "sensitive_attributes": [],
          "private": "eyJlMmJmYjczMC1lY2FhLTExZTYtOGY4OC0zNDM2M2JjN2M0YzAiOnsiY3JlYXRlIjo3MjAwMDAwMDAwMDAwLCJkZWxldGUiOjcyMDAwMDAwMDAwMDAsInVwZGF0ZSI6NzIwMDAwMDAwMDAwMH19",
          "dependencies": [
            "module.iam.google_service_account.cf_sa"
          ]
        }
      ]
    },
    {
      "module": "module.iam",
      "mode": "data",
      "type": "google_project",
      "name": "current",
      "provider": "provider[\"registry.terraform.io/hashicorp/google\"]",
      "instances": [
        {
          "schema_version": 0,
          "attributes": {
            "auto_create_network": null,
            "billing_account": null,
            "deletion_policy": "PREVENT",
            "effective_labels": {},
            "folder_id": "",
            "id": "projects/yt-comments-495004",
            "labels": {},
            "name": "yt-comments",
            "number": "245114464323",
            "org_id": "449168305050",
            "project_id": "yt-comments-495004",
            "tags": null,
            "terraform_labels": {}
          },
          "sensitive_attributes": []
        }
      ]
    },
    {
      "module": "module.iam",
      "mode": "managed",
      "type": "google_project_iam_member",
      "name": "cf_sa_roles",
      "provider": "provider[\"registry.terraform.io/hashicorp/google\"]",
      "instances": [
        {
          "index_key": "roles/bigquery.admin",
          "schema_version": 0,
          "attributes": {
            "condition": [],
            "etag": "BwZQyLoEhTg=",
            "id": "yt-comments-495004/roles/bigquery.admin/serviceAccount:cloud-fn-sa@yt-comments-495004.iam.gserviceaccount.com",
            "member": "serviceAccount:cloud-fn-sa@yt-comments-495004.iam.gserviceaccount.com",
            "project": "yt-comments-495004",
            "role": "roles/bigquery.admin"
          },
          "sensitive_attributes": [],
          "private": "bnVsbA==",
          "dependencies": [
            "module.iam.google_service_account.cf_sa"
          ]
        },
        {
          "index_key": "roles/bigquery.dataEditor",
          "schema_version": 0,
          "attributes": {
            "condition": [],
            "etag": "BwZQyLoEhTg=",
            "id": "yt-comments-495004/roles/bigquery.dataEditor/serviceAccount:cloud-fn-sa@yt-comments-495004.iam.gserviceaccount.com",
            "member": "serviceAccount:cloud-fn-sa@yt-comments-495004.iam.gserviceaccount.com",
            "project": "yt-comments-495004",
            "role": "roles/bigquery.dataEditor"
          },
          "sensitive_attributes": [],
          "private": "bnVsbA==",
          "dependencies": [
            "module.iam.google_service_account.cf_sa"
          ]
        },
        {
          "index_key": "roles/bigquery.jobUser",
          "schema_version": 0,
          "attributes": {
            "condition": [],
            "etag": "BwZQyLoEhTg=",
            "id": "yt-comments-495004/roles/bigquery.jobUser/serviceAccount:cloud-fn-sa@yt-comments-495004.iam.gserviceaccount.com",
            "member": "serviceAccount:cloud-fn-sa@yt-comments-495004.iam.gserviceaccount.com",
            "project": "yt-comments-495004",
            "role": "roles/bigquery.jobUser"
          },
          "sensitive_attributes": [],
          "private": "bnVsbA==",
          "dependencies": [
            "module.iam.google_service_account.cf_sa"
          ]
        },
        {
          "index_key": "roles/bigquery.user",
          "schema_version": 0,
          "attributes": {
            "condition": [],
            "etag": "BwZQyLoEhTg=",
            "id": "yt-comments-495004/roles/bigquery.user/serviceAccount:cloud-fn-sa@yt-comments-495004.iam.gserviceaccount.com",
            "member": "serviceAccount:cloud-fn-sa@yt-comments-495004.iam.gserviceaccount.com",
            "project": "yt-comments-495004",
            "role": "roles/bigquery.user"
          },
          "sensitive_attributes": [],
          "private": "bnVsbA==",
          "dependencies": [
            "module.iam.google_service_account.cf_sa"
          ]
        },
        {
          "index_key": "roles/cloudfunctions.admin",
          "schema_version": 0,
          "attributes": {
            "condition": [],
            "etag": "BwZQyLoEhTg=",
            "id": "yt-comments-495004/roles/cloudfunctions.admin/serviceAccount:cloud-fn-sa@yt-comments-495004.iam.gserviceaccount.com",
            "member": "serviceAccount:cloud-fn-sa@yt-comments-495004.iam.gserviceaccount.com",
            "project": "yt-comments-495004",
            "role": "roles/cloudfunctions.admin"
          },
          "sensitive_attributes": [],
          "private": "bnVsbA==",
          "dependencies": [
            "module.iam.google_service_account.cf_sa"
          ]
        },
        {
          "index_key": "roles/cloudfunctions.invoker",
          "schema_version": 0,
          "attributes": {
            "condition": [],
            "etag": "BwZQyLoEhTg=",
            "id": "yt-comments-495004/roles/cloudfunctions.invoker/serviceAccount:cloud-fn-sa@yt-comments-495004.iam.gserviceaccount.com",
            "member": "serviceAccount:cloud-fn-sa@yt-comments-495004.iam.gserviceaccount.com",
            "project": "yt-comments-495004",
            "role": "roles/cloudfunctions.invoker"
          },
          "sensitive_attributes": [],
          "private": "bnVsbA==",
          "dependencies": [
            "module.iam.google_service_account.cf_sa"
          ]
        },
        {
          "index_key": "roles/composer.admin",
          "schema_version": 0,
          "attributes": {
            "condition": [],
            "etag": "BwZQyLoEhTg=",
            "id": "yt-comments-495004/roles/composer.admin/serviceAccount:cloud-fn-sa@yt-comments-495004.iam.gserviceaccount.com",
            "member": "serviceAccount:cloud-fn-sa@yt-comments-495004.iam.gserviceaccount.com",
            "project": "yt-comments-495004",
            "role": "roles/composer.admin"
          },
          "sensitive_attributes": [],
          "private": "bnVsbA==",
          "dependencies": [
            "module.iam.google_service_account.cf_sa"
          ]
        },
        {
          "index_key": "roles/composer.worker",
          "schema_version": 0,
          "attributes": {
            "condition": [],
            "etag": "BwZQyLoEhTg=",
            "id": "yt-comments-495004/roles/composer.worker/serviceAccount:cloud-fn-sa@yt-comments-495004.iam.gserviceaccount.com",
            "member": "serviceAccount:cloud-fn-sa@yt-comments-495004.iam.gserviceaccount.com",
            "project": "yt-comments-495004",
            "role": "roles/composer.worker"
          },
          "sensitive_attributes": [],
          "private": "bnVsbA==",
          "dependencies": [
            "module.iam.google_service_account.cf_sa"
          ]
        },
        {
          "index_key": "roles/compute.networkAdmin",
          "schema_version": 0,
          "attributes": {
            "condition": [],
            "etag": "BwZQyLoEhTg=",
            "id": "yt-comments-495004/roles/compute.networkAdmin/serviceAccount:cloud-fn-sa@yt-comments-495004.iam.gserviceaccount.com",
            "member": "serviceAccount:cloud-fn-sa@yt-comments-495004.iam.gserviceaccount.com",
            "project": "yt-comments-495004",
            "role": "roles/compute.networkAdmin"
          },
          "sensitive_attributes": [],
          "private": "bnVsbA==",
          "dependencies": [
            "module.iam.google_service_account.cf_sa"
          ]
        },
        {
          "index_key": "roles/container.admin",
          "schema_version": 0,
          "attributes": {
            "condition": [],
            "etag": "BwZQyLoEhTg=",
            "id": "yt-comments-495004/roles/container.admin/serviceAccount:cloud-fn-sa@yt-comments-495004.iam.gserviceaccount.com",
            "member": "serviceAccount:cloud-fn-sa@yt-comments-495004.iam.gserviceaccount.com",
            "project": "yt-comments-495004",
            "role": "roles/container.admin"
          },
          "sensitive_attributes": [],
          "private": "bnVsbA==",
          "dependencies": [
            "module.iam.google_service_account.cf_sa"
          ]
        },
        {
          "index_key": "roles/dataflow.developer",
          "schema_version": 0,
          "attributes": {
            "condition": [],
            "etag": "BwZQyLoEhTg=",
            "id": "yt-comments-495004/roles/dataflow.developer/serviceAccount:cloud-fn-sa@yt-comments-495004.iam.gserviceaccount.com",
            "member": "serviceAccount:cloud-fn-sa@yt-comments-495004.iam.gserviceaccount.com",
            "project": "yt-comments-495004",
            "role": "roles/dataflow.developer"
          },
          "sensitive_attributes": [],
          "private": "bnVsbA==",
          "dependencies": [
            "module.iam.google_service_account.cf_sa"
          ]
        },
        {
          "index_key": "roles/dataflow.worker",
          "schema_version": 0,
          "attributes": {
            "condition": [],
            "etag": "BwZQyLoEhTg=",
            "id": "yt-comments-495004/roles/dataflow.worker/serviceAccount:cloud-fn-sa@yt-comments-495004.iam.gserviceaccount.com",
            "member": "serviceAccount:cloud-fn-sa@yt-comments-495004.iam.gserviceaccount.com",
            "project": "yt-comments-495004",
            "role": "roles/dataflow.worker"
          },
          "sensitive_attributes": [],
          "private": "bnVsbA==",
          "dependencies": [
            "module.iam.google_service_account.cf_sa"
          ]
        },
        {
          "index_key": "roles/iam.serviceAccountActor",
          "schema_version": 0,
          "attributes": {
            "condition": [],
            "etag": "BwZQyLoEhTg=",
            "id": "yt-comments-495004/roles/iam.serviceAccountActor/serviceAccount:cloud-fn-sa@yt-comments-495004.iam.gserviceaccount.com",
            "member": "serviceAccount:cloud-fn-sa@yt-comments-495004.iam.gserviceaccount.com",
            "project": "yt-comments-495004",
            "role": "roles/iam.serviceAccountActor"
          },
          "sensitive_attributes": [],
          "private": "bnVsbA==",
          "dependencies": [
            "module.iam.google_service_account.cf_sa"
          ]
        },
        {
          "index_key": "roles/iam.serviceAccountUser",
          "schema_version": 0,
          "attributes": {
            "condition": [],
            "etag": "BwZQyLoEhTg=",
            "id": "yt-comments-495004/roles/iam.serviceAccountUser/serviceAccount:cloud-fn-sa@yt-comments-495004.iam.gserviceaccount.com",
            "member": "serviceAccount:cloud-fn-sa@yt-comments-495004.iam.gserviceaccount.com",
            "project": "yt-comments-495004",
            "role": "roles/iam.serviceAccountUser"
          },
          "sensitive_attributes": [],
          "private": "bnVsbA==",
          "dependencies": [
            "module.iam.google_service_account.cf_sa"
          ]
        },
        {
          "index_key": "roles/pubsub.editor",
          "schema_version": 0,
          "attributes": {
            "condition": [],
            "etag": "BwZQyLoEhTg=",
            "id": "yt-comments-495004/roles/pubsub.editor/serviceAccount:cloud-fn-sa@yt-comments-495004.iam.gserviceaccount.com",
            "member": "serviceAccount:cloud-fn-sa@yt-comments-495004.iam.gserviceaccount.com",
            "project": "yt-comments-495004",
            "role": "roles/pubsub.editor"
          },
          "sensitive_attributes": [],
          "private": "bnVsbA==",
          "dependencies": [
            "module.iam.google_service_account.cf_sa"
          ]
        },
        {
          "index_key": "roles/pubsub.publisher",
          "schema_version": 0,
          "attributes": {
            "condition": [],
            "etag": "BwZQyLoEhTg=",
            "id": "yt-comments-495004/roles/pubsub.publisher/serviceAccount:cloud-fn-sa@yt-comments-495004.iam.gserviceaccount.com",
            "member": "serviceAccount:cloud-fn-sa@yt-comments-495004.iam.gserviceaccount.com",
            "project": "yt-comments-495004",
            "role": "roles/pubsub.publisher"
          },
          "sensitive_attributes": [],
          "private": "bnVsbA==",
          "dependencies": [
            "module.iam.google_service_account.cf_sa"
          ]
        },
        {
          "index_key": "roles/pubsub.subscriber",
          "schema_version": 0,
          "attributes": {
            "condition": [],
            "etag": "BwZQyLoEhTg=",
            "id": "yt-comments-495004/roles/pubsub.subscriber/serviceAccount:cloud-fn-sa@yt-comments-495004.iam.gserviceaccount.com",
            "member": "serviceAccount:cloud-fn-sa@yt-comments-495004.iam.gserviceaccount.com",
            "project": "yt-comments-495004",
            "role": "roles/pubsub.subscriber"
          },
          "sensitive_attributes": [],
          "private": "bnVsbA==",
          "dependencies": [
            "module.iam.google_service_account.cf_sa"
          ]
        },
        {
          "index_key": "roles/storage.objectAdmin",
          "schema_version": 0,
          "attributes": {
            "condition": [],
            "etag": "BwZQyLoEhTg=",
            "id": "yt-comments-495004/roles/storage.objectAdmin/serviceAccount:cloud-fn-sa@yt-comments-495004.iam.gserviceaccount.com",
            "member": "serviceAccount:cloud-fn-sa@yt-comments-495004.iam.gserviceaccount.com",
            "project": "yt-comments-495004",
            "role": "roles/storage.objectAdmin"
          },
          "sensitive_attributes": [],
          "private": "bnVsbA==",
          "dependencies": [
            "module.iam.google_service_account.cf_sa"
          ]
        }
      ]
    },
    {
      "module": "module.iam",
      "mode": "managed",
      "type": "google_project_iam_member",
      "name": "cloudbuild_roles",
      "provider": "provider[\"registry.terraform.io/hashicorp/google\"]",
      "instances": [
        {
          "index_key": "roles/artifactregistry.admin",
          "schema_version": 0,
          "attributes": {
            "condition": [],
            "etag": "BwZQyLoEhTg=",
            "id": "yt-comments-495004/roles/artifactregistry.admin/serviceAccount:245114464323@cloudbuild.gserviceaccount.com",
            "member": "serviceAccount:245114464323@cloudbuild.gserviceaccount.com",
            "project": "yt-comments-495004",
            "role": "roles/artifactregistry.admin"
          },
          "sensitive_attributes": [],
          "private": "bnVsbA==",
          "dependencies": [
            "module.iam.data.google_project.current"
          ]
        },
        {
          "index_key": "roles/cloudbuild.builds.builder",
          "schema_version": 0,
          "attributes": {
            "condition": [],
            "etag": "BwZQyLoEhTg=",
            "id": "yt-comments-495004/roles/cloudbuild.builds.builder/serviceAccount:245114464323@cloudbuild.gserviceaccount.com",
            "member": "serviceAccount:245114464323@cloudbuild.gserviceaccount.com",
            "project": "yt-comments-495004",
            "role": "roles/cloudbuild.builds.builder"
          },
          "sensitive_attributes": [],
          "private": "bnVsbA==",
          "dependencies": [
            "module.iam.data.google_project.current"
          ]
        },
        {
          "index_key": "roles/iam.serviceAccountUser",
          "schema_version": 0,
          "attributes": {
            "condition": [],
            "etag": "BwZQyLoEhTg=",
            "id": "yt-comments-495004/roles/iam.serviceAccountUser/serviceAccount:245114464323@cloudbuild.gserviceaccount.com",
            "member": "serviceAccount:245114464323@cloudbuild.gserviceaccount.com",
            "project": "yt-comments-495004",
            "role": "roles/iam.serviceAccountUser"
          },
          "sensitive_attributes": [],
          "private": "bnVsbA==",
          "dependencies": [
            "module.iam.data.google_project.current"
          ]
        },
        {
          "index_key": "roles/logging.logWriter",
          "schema_version": 0,
          "attributes": {
            "condition": [],
            "etag": "BwZQyLoEhTg=",
            "id": "yt-comments-495004/roles/logging.logWriter/serviceAccount:245114464323@cloudbuild.gserviceaccount.com",
            "member": "serviceAccount:245114464323@cloudbuild.gserviceaccount.com",
            "project": "yt-comments-495004",
            "role": "roles/logging.logWriter"
          },
          "sensitive_attributes": [],
          "private": "bnVsbA==",
          "dependencies": [
            "module.iam.data.google_project.current"
          ]
        },
        {
          "index_key": "roles/storage.objectViewer",
          "schema_version": 0,
          "attributes": {
            "condition": [],
            "etag": "BwZQyLoEhTg=",
            "id": "yt-comments-495004/roles/storage.objectViewer/serviceAccount:245114464323@cloudbuild.gserviceaccount.com",
            "member": "serviceAccount:245114464323@cloudbuild.gserviceaccount.com",
            "project": "yt-comments-495004",
            "role": "roles/storage.objectViewer"
          },
          "sensitive_attributes": [],
          "private": "bnVsbA==",
          "dependencies": [
            "module.iam.data.google_project.current"
          ]
        }
      ]
    },
    {
      "module": "module.iam",
      "mode": "managed",
      "type": "google_project_iam_member",
      "name": "composer_service_agent_ext",
      "provider": "provider[\"registry.terraform.io/hashicorp/google\"]",
      "instances": [
        {
          "schema_version": 0,
          "attributes": {
            "condition": [],
            "etag": "BwZQyLoEhTg=",
            "id": "yt-comments-495004/roles/composer.ServiceAgentV2Ext/serviceAccount:service-245114464323@cloudcomposer-accounts.iam.gserviceaccount.com",
            "member": "serviceAccount:service-245114464323@cloudcomposer-accounts.iam.gserviceaccount.com",
            "project": "yt-comments-495004",
            "role": "roles/composer.ServiceAgentV2Ext"
          },
          "sensitive_attributes": [],
          "private": "bnVsbA==",
          "dependencies": [
            "module.iam.data.google_project.current"
          ]
        }
      ]
    },
    {
      "module": "module.iam",
      "mode": "managed",
      "type": "google_project_iam_member",
      "name": "compute_default_roles",
      "provider": "provider[\"registry.terraform.io/hashicorp/google\"]",
      "instances": [
        {
          "index_key": "roles/artifactregistry.writer",
          "schema_version": 0,
          "attributes": {
            "condition": [],
            "etag": "BwZQyLoEhTg=",
            "id": "yt-comments-495004/roles/artifactregistry.writer/serviceAccount:245114464323-compute@developer.gserviceaccount.com",
            "member": "serviceAccount:245114464323-compute@developer.gserviceaccount.com",
            "project": "yt-comments-495004",
            "role": "roles/artifactregistry.writer"
          },
          "sensitive_attributes": [],
          "private": "bnVsbA==",
          "dependencies": [
            "module.iam.data.google_project.current"
          ]
        },
        {
          "index_key": "roles/bigquery.dataEditor",
          "schema_version": 0,
          "attributes": {
            "condition": [],
            "etag": "BwZQyLoEhTg=",
            "id": "yt-comments-495004/roles/bigquery.dataEditor/serviceAccount:245114464323-compute@developer.gserviceaccount.com",
            "member": "serviceAccount:245114464323-compute@developer.gserviceaccount.com",
            "project": "yt-comments-495004",
            "role": "roles/bigquery.dataEditor"
          },
          "sensitive_attributes": [],
          "private": "bnVsbA==",
          "dependencies": [
            "module.iam.data.google_project.current"
          ]
        },
        {
          "index_key": "roles/cloudbuild.builds.builder",
          "schema_version": 0,
          "attributes": {
            "condition": [],
            "etag": "BwZQyLoEhTg=",
            "id": "yt-comments-495004/roles/cloudbuild.builds.builder/serviceAccount:245114464323-compute@developer.gserviceaccount.com",
            "member": "serviceAccount:245114464323-compute@developer.gserviceaccount.com",
            "project": "yt-comments-495004",
            "role": "roles/cloudbuild.builds.builder"
          },
          "sensitive_attributes": [],
          "private": "bnVsbA==",
          "dependencies": [
            "module.iam.data.google_project.current"
          ]
        },
        {
          "index_key": "roles/dataflow.worker",
          "schema_version": 0,
          "attributes": {
            "condition": [],
            "etag": "BwZQyLoEhTg=",
            "id": "yt-comments-495004/roles/dataflow.worker/serviceAccount:245114464323-compute@developer.gserviceaccount.com",
            "member": "serviceAccount:245114464323-compute@developer.gserviceaccount.com",
            "project": "yt-comments-495004",
            "role": "roles/dataflow.worker"
          },
          "sensitive_attributes": [],
          "private": "bnVsbA==",
          "dependencies": [
            "module.iam.data.google_project.current"
          ]
        },
        {
          "index_key": "roles/logging.logWriter",
          "schema_version": 0,
          "attributes": {
            "condition": [],
            "etag": "BwZQyLoEhTg=",
            "id": "yt-comments-495004/roles/logging.logWriter/serviceAccount:245114464323-compute@developer.gserviceaccount.com",
            "member": "serviceAccount:245114464323-compute@developer.gserviceaccount.com",
            "project": "yt-comments-495004",
            "role": "roles/logging.logWriter"
          },
          "sensitive_attributes": [],
          "private": "bnVsbA==",
          "dependencies": [
            "module.iam.data.google_project.current"
          ]
        },
        {
          "index_key": "roles/pubsub.editor",
          "schema_version": 0,
          "attributes": {
            "condition": [],
            "etag": "BwZQyNBTFNc=",
            "id": "yt-comments-495004/roles/pubsub.editor/serviceAccount:245114464323-compute@developer.gserviceaccount.com",
            "member": "serviceAccount:245114464323-compute@developer.gserviceaccount.com",
            "project": "yt-comments-495004",
            "role": "roles/pubsub.editor"
          },
          "sensitive_attributes": [],
          "private": "bnVsbA==",
          "dependencies": [
            "module.iam.data.google_project.current"
          ]
        },
        {
          "index_key": "roles/storage.objectAdmin",
          "schema_version": 0,
          "attributes": {
            "condition": [],
            "etag": "BwZQyLoEhTg=",
            "id": "yt-comments-495004/roles/storage.objectAdmin/serviceAccount:245114464323-compute@developer.gserviceaccount.com",
            "member": "serviceAccount:245114464323-compute@developer.gserviceaccount.com",
            "project": "yt-comments-495004",
            "role": "roles/storage.objectAdmin"
          },
          "sensitive_attributes": [],
          "private": "bnVsbA==",
          "dependencies": [
            "module.iam.data.google_project.current"
          ]
        }
      ]
    },
    {
      "module": "module.iam",
      "mode": "managed",
      "type": "google_service_account",
      "name": "cf_sa",
      "provider": "provider[\"registry.terraform.io/hashicorp/google\"]",
      "instances": [
        {
          "schema_version": 0,
          "attributes": {
            "account_id": "cloud-fn-sa",
            "create_ignore_already_exists": null,
            "description": "",
            "disabled": false,
            "display_name": "Cloud Functions Service Account",
            "email": "cloud-fn-sa@yt-comments-495004.iam.gserviceaccount.com",
            "id": "projects/yt-comments-495004/serviceAccounts/cloud-fn-sa@yt-comments-495004.iam.gserviceaccount.com",
            "member": "serviceAccount:cloud-fn-sa@yt-comments-495004.iam.gserviceaccount.com",
            "name": "projects/yt-comments-495004/serviceAccounts/cloud-fn-sa@yt-comments-495004.iam.gserviceaccount.com",
            "project": "yt-comments-495004",
            "timeouts": null,
            "unique_id": "104862623960305552819"
          },
          "sensitive_attributes": [],
          "private": "eyJlMmJmYjczMC1lY2FhLTExZTYtOGY4OC0zNDM2M2JjN2M0YzAiOnsiY3JlYXRlIjozMDAwMDAwMDAwMDB9fQ=="
        }
      ]
    },
    {
      "module": "module.pubsub",
      "mode": "managed",
      "type": "google_pubsub_topic",
      "name": "yt_comments",
      "provider": "provider[\"registry.terraform.io/hashicorp/google\"]",
      "instances": [
        {
          "schema_version": 0,
          "attributes": {
            "effective_labels": {
              "goog-terraform-provisioned": "true"
            },
            "id": "projects/yt-comments-495004/topics/yt-comments-topic",
            "ingestion_data_source_settings": [],
            "kms_key_name": "",
            "labels": {},
            "message_retention_duration": "",
            "message_storage_policy": [],
            "message_transforms": [],
            "name": "yt-comments-topic",
            "project": "yt-comments-495004",
            "schema_settings": [],
            "tags": null,
            "terraform_labels": {
              "goog-terraform-provisioned": "true"
            },
            "timeouts": null
          },
          "sensitive_attributes": [],
          "private": "eyJlMmJmYjczMC1lY2FhLTExZTYtOGY4OC0zNDM2M2JjN2M0YzAiOnsiY3JlYXRlIjoxMjAwMDAwMDAwMDAwLCJkZWxldGUiOjEyMDAwMDAwMDAwMDAsInVwZGF0ZSI6MTIwMDAwMDAwMDAwMH19"
        }
      ]
    },
    {
      "module": "module.storage",
      "mode": "managed",
      "type": "google_storage_bucket",
      "name": "cf_bucket",
      "provider": "provider[\"registry.terraform.io/hashicorp/google\"]",
      "instances": [
        {
          "schema_version": 4,
          "attributes": {
            "autoclass": [],
            "cors": [],
            "custom_placement_config": [],
            "default_event_based_hold": false,
            "effective_labels": {
              "goog-terraform-provisioned": "true"
            },
            "enable_object_retention": false,
            "encryption": [],
            "force_destroy": true,
            "hierarchical_namespace": [
              {
                "enabled": false
              }
            ],
            "id": "yt-cf-source-yt-comments-495004",
            "ip_filter": [],
            "labels": {},
            "lifecycle_rule": [],
            "location": "US-CENTRAL1",
            "logging": [],
            "name": "yt-cf-source-yt-comments-495004",
            "project": "yt-comments-495004",
            "project_number": 245114464323,
            "public_access_prevention": "inherited",
            "requester_pays": false,
            "retention_policy": [],
            "rpo": null,
            "self_link": "https://www.googleapis.com/storage/v1/b/yt-cf-source-yt-comments-495004",
            "soft_delete_policy": [
              {
                "effective_time": "2026-05-01T06:21:15.879Z",
                "retention_duration_seconds": 604800
              }
            ],
            "storage_class": "STANDARD",
            "terraform_labels": {
              "goog-terraform-provisioned": "true"
            },
            "time_created": "2026-05-01T06:21:15.879Z",
            "timeouts": null,
            "uniform_bucket_level_access": true,
            "updated": "2026-05-01T06:21:15.879Z",
            "url": "gs://yt-cf-source-yt-comments-495004",
            "versioning": [],
            "website": []
          },
          "sensitive_attributes": [],
          "private": "eyJlMmJmYjczMC1lY2FhLTExZTYtOGY4OC0zNDM2M2JjN2M0YzAiOnsiY3JlYXRlIjo2MDAwMDAwMDAwMDAsInJlYWQiOjI0MDAwMDAwMDAwMCwidXBkYXRlIjoyNDAwMDAwMDAwMDB9LCJzY2hlbWFfdmVyc2lvbiI6IjQifQ=="
        }
      ]
    },
    {
      "module": "module.storage",
      "mode": "managed",
      "type": "google_storage_bucket",
      "name": "yt_raw_bucket",
      "provider": "provider[\"registry.terraform.io/hashicorp/google\"]",
      "instances": [
        {
          "schema_version": 4,
          "attributes": {
            "autoclass": [],
            "cors": [],
            "custom_placement_config": [],
            "default_event_based_hold": false,
            "effective_labels": {
              "goog-terraform-provisioned": "true"
            },
            "enable_object_retention": false,
            "encryption": [],
            "force_destroy": true,
            "hierarchical_namespace": [
              {
                "enabled": false
              }
            ],
            "id": "yt-raw-comments-yt-comments-495004",
            "ip_filter": [],
            "labels": {},
            "lifecycle_rule": [],
            "location": "US-CENTRAL1",
            "logging": [],
            "name": "yt-raw-comments-yt-comments-495004",
            "project": "yt-comments-495004",
            "project_number": 245114464323,
            "public_access_prevention": "inherited",
            "requester_pays": false,
            "retention_policy": [],
            "rpo": null,
            "self_link": "https://www.googleapis.com/storage/v1/b/yt-raw-comments-yt-comments-495004",
            "soft_delete_policy": [
              {
                "effective_time": "2026-05-01T06:21:15.862Z",
                "retention_duration_seconds": 604800
              }
            ],
            "storage_class": "STANDARD",
            "terraform_labels": {
              "goog-terraform-provisioned": "true"
            },
            "time_created": "2026-05-01T06:21:15.862Z",
            "timeouts": null,
            "uniform_bucket_level_access": true,
            "updated": "2026-05-01T06:21:15.862Z",
            "url": "gs://yt-raw-comments-yt-comments-495004",
            "versioning": [],
            "website": []
          },
          "sensitive_attributes": [],
          "private": "eyJlMmJmYjczMC1lY2FhLTExZTYtOGY4OC0zNDM2M2JjN2M0YzAiOnsiY3JlYXRlIjo2MDAwMDAwMDAwMDAsInJlYWQiOjI0MDAwMDAwMDAwMCwidXBkYXRlIjoyNDAwMDAwMDAwMDB9LCJzY2hlbWFfdmVyc2lvbiI6IjQifQ=="
        }
      ]
    }
  ],
  "check_results": null
}
